PODS:
  - google-cast-sdk (4.6.1):
    - google-cast-sdk/Core (= 4.6.1)
    - Protobuf (~> 3.13)
  - google-cast-sdk/Core (4.6.1):
    - Protobuf (~> 3.13)
  - Protobuf (3.19.4)

DEPENDENCIES:
  - google-cast-sdk (~> 4.6)

SPEC REPOS:
  trunk:
    - google-cast-sdk
    - Protobuf

SPEC CHECKSUMS:
  google-cast-sdk: 9fc76175641bc24ef2515e0263344bd2c5c4e75c
  Protobuf: 235750e4696ff59fb07d949a9dbbc92b3c0700fe

PODFILE CHECKSUM: bdbd91eef02d1f0d8486d920596f45606f02b164

COCOAPODS: 1.11.2
