PODS:
  - google-cast-sdk (4.4.8):
    - google-cast-sdk/Core (= 4.4.8)
    - GTMSessionFetcher/Core (~> 1.1)
    - Protobuf (~> 3.0)
  - google-cast-sdk/Core (4.4.8):
    - GTMSessionFetcher/Core (~> 1.1)
    - Protobuf (~> 3.0)
  - GTMSessionFetcher/Core (1.4.0)
  - Protobuf (3.13.0)

DEPENDENCIES:
  - google-cast-sdk (~> 4.4.8)

SPEC REPOS:
  trunk:
    - google-cast-sdk
    - GTMSessionFetcher
    - Protobuf

SPEC CHECKSUMS:
  google-cast-sdk: 2feec01ef5ee467f70a14acde9f01f188aeea76f
  GTMSessionFetcher: 6f5c8abbab8a9bce4bb3f057e317728ec6182b10
  Protobuf: 3dac39b34a08151c6d949560efe3f86134a3f748

PODFILE CHECKSUM: 6eac8408c2071edbc32812e81f5ee9c1634c04cf

COCOAPODS: 1.8.4
